
Microsoft Visual Studio Solution File, Format Version 12.00
# Visual Studio Version 16
VisualStudioVersion = 16.0.31911.196
MinimumVisualStudioVersion = 10.0.40219.1
Project("{FAE04EC0-301F-11D3-BF4B-00C04F79EFBC}") = "HW1", "HW1\HW1.csproj", "{3B97D544-EA94-442D-BD18-A380FC1E4C2C}"
EndProject
Global
	GlobalSection(SolutionConfigurationPlatforms) = preSolution
		Debug|Any CPU = Debug|Any CPU
		Release|Any CPU = Release|Any CPU
	EndGlobalSection
	GlobalSection(ProjectConfigurationPlatforms) = postSolution
		{3B97D544-EA94-442D-BD18-A380FC1E4C2C}.Debug|Any CPU.ActiveCfg = Debug|Any CPU
		{3B97D544-EA94-442D-BD18-A380FC1E4C2C}.Debug|Any CPU.Build.0 = Debug|Any CPU
		{3B97D544-EA94-442D-BD18-A380FC1E4C2C}.Release|Any CPU.ActiveCfg = Release|Any CPU
		{3B97D544-EA94-442D-BD18-A380FC1E4C2C}.Release|Any CPU.Build.0 = Release|Any CPU
	EndGlobalSection
	GlobalSection(SolutionProperties) = preSolution
		HideSolutionNode = FALSE
	EndGlobalSection
	GlobalSection(ExtensibilityGlobals) = postSolution
		SolutionGuid = {288BC7DC-4E2E-4636-82A3-25B411AB5DB1}
	EndGlobalSection
EndGlobal
